// !$*UTF8*$!
{
	archiveVersion = 1;
	classes = {
	};
	objectVersion = 50;
	objects = {

/* Begin PBXBuildFile section */
		6E0BDA4C23308DA2007DB03E /* AppDelegate.swift in Sources */ = {isa = PBXBuildFile; fileRef = 6E0BDA4B23308DA2007DB03E /* AppDelegate.swift */; };
		6E0BDA4E23308DA2007DB03E /* SceneDelegate.swift in Sources */ = {isa = PBXBuildFile; fileRef = 6E0BDA4D23308DA2007DB03E /* SceneDelegate.swift */; };
		6E0BDA5023308DA2007DB03E /* ContentView.swift in Sources */ = {isa = PBXBuildFile; fileRef = 6E0BDA4F23308DA2007DB03E /* ContentView.swift */; };
		6E0BDA5223308DA4007DB03E /* Assets.xcassets in Resources */ = {isa = PBXBuildFile; fileRef = 6E0BDA5123308DA4007DB03E /* Assets.xcassets */; };
		6E0BDA5523308DA4007DB03E /* Preview Assets.xcassets in Resources */ = {isa = PBXBuildFile; fileRef = 6E0BDA5423308DA4007DB03E /* Preview Assets.xcassets */; };
		6E0BDA5823308DA4007DB03E /* LaunchScreen.storyboard in Resources */ = {isa = PBXBuildFile; fileRef = 6E0BDA5623308DA4007DB03E /* LaunchScreen.storyboard */; };
		6E0BDA6323308DA4007DB03E /* test_watchTests.swift in Sources */ = {isa = PBXBuildFile; fileRef = 6E0BDA6223308DA4007DB03E /* test_watchTests.swift */; };
		6E0BDA6E23308DA4007DB03E /* test_watchUITests.swift in Sources */ = {isa = PBXBuildFile; fileRef = 6E0BDA6D23308DA4007DB03E /* test_watchUITests.swift */; };
		6E0BDA7323308DA4007DB03E /* test-watch WatchKit App.app in Embed Watch Content */ = {isa = PBXBuildFile; fileRef = 6E0BDA7223308DA4007DB03E /* test-watch WatchKit App.app */; settings = {ATTRIBUTES = (RemoveHeadersOnCopy, ); }; };
		6E0BDA7923308DA4007DB03E /* Interface.storyboard in Resources */ = {isa = PBXBuildFile; fileRef = 6E0BDA7723308DA4007DB03E /* Interface.storyboard */; };
		6E0BDA7B23308DA5007DB03E /* Assets.xcassets in Resources */ = {isa = PBXBuildFile; fileRef = 6E0BDA7A23308DA5007DB03E /* Assets.xcassets */; };
		6E0BDA8223308DA5007DB03E /* test-watch WatchKit Extension.appex in Embed App Extensions */ = {isa = PBXBuildFile; fileRef = 6E0BDA8123308DA5007DB03E /* test-watch WatchKit Extension.appex */; settings = {ATTRIBUTES = (RemoveHeadersOnCopy, ); }; };
		6E0BDA8923308DA5007DB03E /* HostingController.swift in Sources */ = {isa = PBXBuildFile; fileRef = 6E0BDA8823308DA5007DB03E /* HostingController.swift */; };
		6E0BDA8B23308DA5007DB03E /* ExtensionDelegate.swift in Sources */ = {isa = PBXBuildFile; fileRef = 6E0BDA8A23308DA5007DB03E /* ExtensionDelegate.swift */; };
		6E0BDA8D23308DA5007DB03E /* NotificationController.swift in Sources */ = {isa = PBXBuildFile; fileRef = 6E0BDA8C23308DA5007DB03E /* NotificationController.swift */; };
		6E0BDA8F23308DA5007DB03E /* NotificationView.swift in Sources */ = {isa = PBXBuildFile; fileRef = 6E0BDA8E23308DA5007DB03E /* NotificationView.swift */; };
		6E0BDA9123308DA5007DB03E /* Assets.xcassets in Resources */ = {isa = PBXBuildFile; fileRef = 6E0BDA9023308DA5007DB03E /* Assets.xcassets */; };
		6E0BDA9423308DA5007DB03E /* Preview Assets.xcassets in Resources */ = {isa = PBXBuildFile; fileRef = 6E0BDA9323308DA5007DB03E /* Preview Assets.xcassets */; };
		6E0BDAAB23308F9B007DB03E /* InterfaceController.swift in Sources */ = {isa = PBXBuildFile; fileRef = 6E0BDAAA23308F9B007DB03E /* InterfaceController.swift */; };
		6E0BDAAD233090B8007DB03E /* RowController.swift in Sources */ = {isa = PBXBuildFile; fileRef = 6E0BDAAC233090B8007DB03E /* RowController.swift */; };
		6E0F5686233095CF00A71EFE /* ContentView.swift in Sources */ = {isa = PBXBuildFile; fileRef = 6E0F5685233095CE00A71EFE /* ContentView.swift */; };
		6E0F5688233098B000A71EFE /* DetailInterfaceController.swift in Sources */ = {isa = PBXBuildFile; fileRef = 6E0F5687233098B000A71EFE /* DetailInterfaceController.swift */; };
/* End PBXBuildFile section */

/* Begin PBXContainerItemProxy section */
		6E0BDA5F23308DA4007DB03E /* PBXContainerItemProxy */ = {
			isa = PBXContainerItemProxy;
			containerPortal = 6E0BDA4023308DA2007DB03E /* Project object */;
			proxyType = 1;
			remoteGlobalIDString = 6E0BDA4723308DA2007DB03E;
			remoteInfo = "test-watch";
		};
		6E0BDA6A23308DA4007DB03E /* PBXContainerItemProxy */ = {
			isa = PBXContainerItemProxy;
			containerPortal = 6E0BDA4023308DA2007DB03E /* Project object */;
			proxyType = 1;
			remoteGlobalIDString = 6E0BDA4723308DA2007DB03E;
			remoteInfo = "test-watch";
		};
		6E0BDA7423308DA4007DB03E /* PBXContainerItemProxy */ = {
			isa = PBXContainerItemProxy;
			containerPortal = 6E0BDA4023308DA2007DB03E /* Project object */;
			proxyType = 1;
			remoteGlobalIDString = 6E0BDA7123308DA4007DB03E;
			remoteInfo = "test-watch WatchKit App";
		};
		6E0BDA8323308DA5007DB03E /* PBXContainerItemProxy */ = {
			isa = PBXContainerItemProxy;
			containerPortal = 6E0BDA4023308DA2007DB03E /* Project object */;
			proxyType = 1;
			remoteGlobalIDString = 6E0BDA8023308DA5007DB03E;
			remoteInfo = "test-watch WatchKit Extension";
		};
/* End PBXContainerItemProxy section */

/* Begin PBXCopyFilesBuildPhase section */
		6E0BDA9C23308DA5007DB03E /* Embed App Extensions */ = {
			isa = PBXCopyFilesBuildPhase;
			buildActionMask = 2147483647;
			dstPath = "";
			dstSubfolderSpec = 13;
			files = (
				6E0BDA8223308DA5007DB03E /* test-watch WatchKit Extension.appex in Embed App Extensions */,
			);
			name = "Embed App Extensions";
			runOnlyForDeploymentPostprocessing = 0;
		};
		6E0BDAA023308DA5007DB03E /* Embed Watch Content */ = {
			isa = PBXCopyFilesBuildPhase;
			buildActionMask = 2147483647;
			dstPath = "$(CONTENTS_FOLDER_PATH)/Watch";
			dstSubfolderSpec = 16;
			files = (
				6E0BDA7323308DA4007DB03E /* test-watch WatchKit App.app in Embed Watch Content */,
			);
			name = "Embed Watch Content";
			runOnlyForDeploymentPostprocessing = 0;
		};
/* End PBXCopyFilesBuildPhase section */

/* Begin PBXFileReference section */
		6E0BDA4823308DA2007DB03E /* test-watch.app */ = {isa = PBXFileReference; explicitFileType = wrapper.application; includeInIndex = 0; path = "test-watch.app"; sourceTree = BUILT_PRODUCTS_DIR; };
		6E0BDA4B23308DA2007DB03E /* AppDelegate.swift */ = {isa = PBXFileReference; lastKnownFileType = sourcecode.swift; path = AppDelegate.swift; sourceTree = "<group>"; };
		6E0BDA4D23308DA2007DB03E /* SceneDelegate.swift */ = {isa = PBXFileReference; lastKnownFileType = sourcecode.swift; path = SceneDelegate.swift; sourceTree = "<group>"; };
		6E0BDA4F23308DA2007DB03E /* ContentView.swift */ = {isa = PBXFileReference; lastKnownFileType = sourcecode.swift; path = ContentView.swift; sourceTree = "<group>"; };
		6E0BDA5123308DA4007DB03E /* Assets.xcassets */ = {isa = PBXFileReference; lastKnownFileType = folder.assetcatalog; path = Assets.xcassets; sourceTree = "<group>"; };
		6E0BDA5423308DA4007DB03E /* Preview Assets.xcassets */ = {isa = PBXFileReference; lastKnownFileType = folder.assetcatalog; path = "Preview Assets.xcassets"; sourceTree = "<group>"; };
		6E0BDA5723308DA4007DB03E /* Base */ = {isa = PBXFileReference; lastKnownFileType = file.storyboard; name = Base; path = Base.lproj/LaunchScreen.storyboard; sourceTree = "<group>"; };
		6E0BDA5923308DA4007DB03E /* Info.plist */ = {isa = PBXFileReference; lastKnownFileType = text.plist.xml; path = Info.plist; sourceTree = "<group>"; };
		6E0BDA5E23308DA4007DB03E /* test-watchTests.xctest */ = {isa = PBXFileReference; explicitFileType = wrapper.cfbundle; includeInIndex = 0; path = "test-watchTests.xctest"; sourceTree = BUILT_PRODUCTS_DIR; };
		6E0BDA6223308DA4007DB03E /* test_watchTests.swift */ = {isa = PBXFileReference; lastKnownFileType = sourcecode.swift; path = test_watchTests.swift; sourceTree = "<group>"; };
		6E0BDA6423308DA4007DB03E /* Info.plist */ = {isa = PBXFileReference; lastKnownFileType = text.plist.xml; path = Info.plist; sourceTree = "<group>"; };
		6E0BDA6923308DA4007DB03E /* test-watchUITests.xctest */ = {isa = PBXFileReference; explicitFileType = wrapper.cfbundle; includeInIndex = 0; path = "test-watchUITests.xctest"; sourceTree = BUILT_PRODUCTS_DIR; };
		6E0BDA6D23308DA4007DB03E /* test_watchUITests.swift */ = {isa = PBXFileReference; lastKnownFileType = sourcecode.swift; path = test_watchUITests.swift; sourceTree = "<group>"; };
		6E0BDA6F23308DA4007DB03E /* Info.plist */ = {isa = PBXFileReference; lastKnownFileType = text.plist.xml; path = Info.plist; sourceTree = "<group>"; };
		6E0BDA7223308DA4007DB03E /* test-watch WatchKit App.app */ = {isa = PBXFileReference; explicitFileType = wrapper.application; includeInIndex = 0; path = "test-watch WatchKit App.app"; sourceTree = BUILT_PRODUCTS_DIR; };
		6E0BDA7823308DA4007DB03E /* Base */ = {isa = PBXFileReference; lastKnownFileType = file.storyboard; name = Base; path = Base.lproj/Interface.storyboard; sourceTree = "<group>"; };
		6E0BDA7A23308DA5007DB03E /* Assets.xcassets */ = {isa = PBXFileReference; lastKnownFileType = folder.assetcatalog; path = Assets.xcassets; sourceTree = "<group>"; };
		6E0BDA7C23308DA5007DB03E /* Info.plist */ = {isa = PBXFileReference; lastKnownFileType = text.plist.xml; path = Info.plist; sourceTree = "<group>"; };
		6E0BDA8123308DA5007DB03E /* test-watch WatchKit Extension.appex */ = {isa = PBXFileReference; explicitFileType = "wrapper.app-extension"; includeInIndex = 0; path = "test-watch WatchKit Extension.appex"; sourceTree = BUILT_PRODUCTS_DIR; };
		6E0BDA8823308DA5007DB03E /* HostingController.swift */ = {isa = PBXFileReference; lastKnownFileType = sourcecode.swift; path = HostingController.swift; sourceTree = "<group>"; };
		6E0BDA8A23308DA5007DB03E /* ExtensionDelegate.swift */ = {isa = PBXFileReference; lastKnownFileType = sourcecode.swift; path = ExtensionDelegate.swift; sourceTree = "<group>"; };
		6E0BDA8C23308DA5007DB03E /* NotificationController.swift */ = {isa = PBXFileReference; lastKnownFileType = sourcecode.swift; path = NotificationController.swift; sourceTree = "<group>"; };
		6E0BDA8E23308DA5007DB03E /* NotificationView.swift */ = {isa = PBXFileReference; lastKnownFileType = sourcecode.swift; path = NotificationView.swift; sourceTree = "<group>"; };
		6E0BDA9023308DA5007DB03E /* Assets.xcassets */ = {isa = PBXFileReference; lastKnownFileType = folder.assetcatalog; path = Assets.xcassets; sourceTree = "<group>"; };
		6E0BDA9323308DA5007DB03E /* Preview Assets.xcassets */ = {isa = PBXFileReference; lastKnownFileType = folder.assetcatalog; path = "Preview Assets.xcassets"; sourceTree = "<group>"; };
		6E0BDA9523308DA5007DB03E /* Info.plist */ = {isa = PBXFileReference; lastKnownFileType = text.plist.xml; path = Info.plist; sourceTree = "<group>"; };
		6E0BDA9623308DA5007DB03E /* PushNotificationPayload.apns */ = {isa = PBXFileReference; lastKnownFileType = text; path = PushNotificationPayload.apns; sourceTree = "<group>"; };
		6E0BDAAA23308F9B007DB03E /* InterfaceController.swift */ = {isa = PBXFileReference; lastKnownFileType = sourcecode.swift; path = InterfaceController.swift; sourceTree = "<group>"; };
		6E0BDAAC233090B8007DB03E /* RowController.swift */ = {isa = PBXFileReference; lastKnownFileType = sourcecode.swift; path = RowController.swift; sourceTree = "<group>"; };
		6E0F5685233095CE00A71EFE /* ContentView.swift */ = {isa = PBXFileReference; fileEncoding = 4; lastKnownFileType = sourcecode.swift; path = ContentView.swift; sourceTree = "<group>"; };
		6E0F5687233098B000A71EFE /* DetailInterfaceController.swift */ = {isa = PBXFileReference; lastKnownFileType = sourcecode.swift; path = DetailInterfaceController.swift; sourceTree = "<group>"; };
/* End PBXFileReference section */

/* Begin PBXFrameworksBuildPhase section */
		6E0BDA4523308DA2007DB03E /* Frameworks */ = {
			isa = PBXFrameworksBuildPhase;
			buildActionMask = 2147483647;
			files = (
			);
			runOnlyForDeploymentPostprocessing = 0;
		};
		6E0BDA5B23308DA4007DB03E /* Frameworks */ = {
			isa = PBXFrameworksBuildPhase;
			buildActionMask = 2147483647;
			files = (
			);
			runOnlyForDeploymentPostprocessing = 0;
		};
		6E0BDA6623308DA4007DB03E /* Frameworks */ = {
			isa = PBXFrameworksBuildPhase;
			buildActionMask = 2147483647;
			files = (
			);
			runOnlyForDeploymentPostprocessing = 0;
		};
		6E0BDA7E23308DA5007DB03E /* Frameworks */ = {
			isa = PBXFrameworksBuildPhase;
			buildActionMask = 2147483647;
			files = (
			);
			runOnlyForDeploymentPostprocessing = 0;
		};
/* End PBXFrameworksBuildPhase section */

/* Begin PBXGroup section */
		6E0BDA3F23308DA2007DB03E = {
			isa = PBXGroup;
			children = (
				6E0BDA4A23308DA2007DB03E /* test-watch */,
				6E0BDA6123308DA4007DB03E /* test-watchTests */,
				6E0BDA6C23308DA4007DB03E /* test-watchUITests */,
				6E0BDA7623308DA4007DB03E /* test-watch WatchKit App */,
				6E0BDA8523308DA5007DB03E /* test-watch WatchKit Extension */,
				6E0BDA4923308DA2007DB03E /* Products */,
			);
			sourceTree = "<group>";
		};
		6E0BDA4923308DA2007DB03E /* Products */ = {
			isa = PBXGroup;
			children = (
				6E0BDA4823308DA2007DB03E /* test-watch.app */,
				6E0BDA5E23308DA4007DB03E /* test-watchTests.xctest */,
				6E0BDA6923308DA4007DB03E /* test-watchUITests.xctest */,
				6E0BDA7223308DA4007DB03E /* test-watch WatchKit App.app */,
				6E0BDA8123308DA5007DB03E /* test-watch WatchKit Extension.appex */,
			);
			name = Products;
			sourceTree = "<group>";
		};
		6E0BDA4A23308DA2007DB03E /* test-watch */ = {
			isa = PBXGroup;
			children = (
				6E0BDA4B23308DA2007DB03E /* AppDelegate.swift */,
				6E0BDA4D23308DA2007DB03E /* SceneDelegate.swift */,
				6E0BDA4F23308DA2007DB03E /* ContentView.swift */,
				6E0BDA5123308DA4007DB03E /* Assets.xcassets */,
				6E0BDA5623308DA4007DB03E /* LaunchScreen.storyboard */,
				6E0BDA5923308DA4007DB03E /* Info.plist */,
				6E0BDA5323308DA4007DB03E /* Preview Content */,
			);
			path = "test-watch";
			sourceTree = "<group>";
		};
		6E0BDA5323308DA4007DB03E /* Preview Content */ = {
			isa = PBXGroup;
			children = (
				6E0BDA5423308DA4007DB03E /* Preview Assets.xcassets */,
			);
			path = "Preview Content";
			sourceTree = "<group>";
		};
		6E0BDA6123308DA4007DB03E /* test-watchTests */ = {
			isa = PBXGroup;
			children = (
				6E0BDA6223308DA4007DB03E /* test_watchTests.swift */,
				6E0BDA6423308DA4007DB03E /* Info.plist */,
			);
			path = "test-watchTests";
			sourceTree = "<group>";
		};
		6E0BDA6C23308DA4007DB03E /* test-watchUITests */ = {
			isa = PBXGroup;
			children = (
				6E0BDA6D23308DA4007DB03E /* test_watchUITests.swift */,
				6E0BDA6F23308DA4007DB03E /* Info.plist */,
			);
			path = "test-watchUITests";
			sourceTree = "<group>";
		};
		6E0BDA7623308DA4007DB03E /* test-watch WatchKit App */ = {
			isa = PBXGroup;
			children = (
				6E0BDA7723308DA4007DB03E /* Interface.storyboard */,
				6E0BDA7A23308DA5007DB03E /* Assets.xcassets */,
				6E0BDA7C23308DA5007DB03E /* Info.plist */,
			);
			path = "test-watch WatchKit App";
			sourceTree = "<group>";
		};
		6E0BDA8523308DA5007DB03E /* test-watch WatchKit Extension */ = {
			isa = PBXGroup;
			children = (
				6E0F5685233095CE00A71EFE /* ContentView.swift */,
				6E0BDA8823308DA5007DB03E /* HostingController.swift */,
				6E0BDA8A23308DA5007DB03E /* ExtensionDelegate.swift */,
				6E0BDA8C23308DA5007DB03E /* NotificationController.swift */,
				6E0BDA8E23308DA5007DB03E /* NotificationView.swift */,
				6E0BDA9023308DA5007DB03E /* Assets.xcassets */,
				6E0BDA9523308DA5007DB03E /* Info.plist */,
				6E0BDA9623308DA5007DB03E /* PushNotificationPayload.apns */,
				6E0BDA9223308DA5007DB03E /* Preview Content */,
				6E0BDAAA23308F9B007DB03E /* InterfaceController.swift */,
				6E0BDAAC233090B8007DB03E /* RowController.swift */,
				6E0F5687233098B000A71EFE /* DetailInterfaceController.swift */,
			);
			path = "test-watch WatchKit Extension";
			sourceTree = "<group>";
		};
		6E0BDA9223308DA5007DB03E /* Preview Content */ = {
			isa = PBXGroup;
			children = (
				6E0BDA9323308DA5007DB03E /* Preview Assets.xcassets */,
			);
			path = "Preview Content";
			sourceTree = "<group>";
		};
/* End PBXGroup section */

/* Begin PBXNativeTarget section */
		6E0BDA4723308DA2007DB03E /* test-watch */ = {
			isa = PBXNativeTarget;
			buildConfigurationList = 6E0BDAA123308DA5007DB03E /* Build configuration list for PBXNativeTarget "test-watch" */;
			buildPhases = (
				6E0BDA4423308DA2007DB03E /* Sources */,
				6E0BDA4523308DA2007DB03E /* Frameworks */,
				6E0BDA4623308DA2007DB03E /* Resources */,
				6E0BDAA023308DA5007DB03E /* Embed Watch Content */,
			);
			buildRules = (
			);
			dependencies = (
				6E0BDA7523308DA4007DB03E /* PBXTargetDependency */,
			);
			name = "test-watch";
			productName = "test-watch";
			productReference = 6E0BDA4823308DA2007DB03E /* test-watch.app */;
			productType = "com.apple.product-type.application";
		};
		6E0BDA5D23308DA4007DB03E /* test-watchTests */ = {
			isa = PBXNativeTarget;
			buildConfigurationList = 6E0BDAA423308DA5007DB03E /* Build configuration list for PBXNativeTarget "test-watchTests" */;
			buildPhases = (
				6E0BDA5A23308DA4007DB03E /* Sources */,
				6E0BDA5B23308DA4007DB03E /* Frameworks */,
				6E0BDA5C23308DA4007DB03E /* Resources */,
			);
			buildRules = (
			);
			dependencies = (
				6E0BDA6023308DA4007DB03E /* PBXTargetDependency */,
			);
			name = "test-watchTests";
			productName = "test-watchTests";
			productReference = 6E0BDA5E23308DA4007DB03E /* test-watchTests.xctest */;
			productType = "com.apple.product-type.bundle.unit-test";
		};
		6E0BDA6823308DA4007DB03E /* test-watchUITests */ = {
			isa = PBXNativeTarget;
			buildConfigurationList = 6E0BDAA723308DA5007DB03E /* Build configuration list for PBXNativeTarget "test-watchUITests" */;
			buildPhases = (
				6E0BDA6523308DA4007DB03E /* Sources */,
				6E0BDA6623308DA4007DB03E /* Frameworks */,
				6E0BDA6723308DA4007DB03E /* Resources */,
			);
			buildRules = (
			);
			dependencies = (
				6E0BDA6B23308DA4007DB03E /* PBXTargetDependency */,
			);
			name = "test-watchUITests";
			productName = "test-watchUITests";
			productReference = 6E0BDA6923308DA4007DB03E /* test-watchUITests.xctest */;
			productType = "com.apple.product-type.bundle.ui-testing";
		};
		6E0BDA7123308DA4007DB03E /* test-watch WatchKit App */ = {
			isa = PBXNativeTarget;
			buildConfigurationList = 6E0BDA9D23308DA5007DB03E /* Build configuration list for PBXNativeTarget "test-watch WatchKit App" */;
			buildPhases = (
				6E0BDA7023308DA4007DB03E /* Resources */,
				6E0BDA9C23308DA5007DB03E /* Embed App Extensions */,
			);
			buildRules = (
			);
			dependencies = (
				6E0BDA8423308DA5007DB03E /* PBXTargetDependency */,
			);
			name = "test-watch WatchKit App";
			productName = "test-watch WatchKit App";
			productReference = 6E0BDA7223308DA4007DB03E /* test-watch WatchKit App.app */;
			productType = "com.apple.product-type.application.watchapp2";
		};
		6E0BDA8023308DA5007DB03E /* test-watch WatchKit Extension */ = {
			isa = PBXNativeTarget;
			buildConfigurationList = 6E0BDA9923308DA5007DB03E /* Build configuration list for PBXNativeTarget "test-watch WatchKit Extension" */;
			buildPhases = (
				6E0BDA7D23308DA5007DB03E /* Sources */,
				6E0BDA7E23308DA5007DB03E /* Frameworks */,
				6E0BDA7F23308DA5007DB03E /* Resources */,
			);
			buildRules = (
			);
			dependencies = (
			);
			name = "test-watch WatchKit Extension";
			productName = "test-watch WatchKit Extension";
			productReference = 6E0BDA8123308DA5007DB03E /* test-watch WatchKit Extension.appex */;
			productType = "com.apple.product-type.watchkit2-extension";
		};
/* End PBXNativeTarget section */

/* Begin PBXProject section */
		6E0BDA4023308DA2007DB03E /* Project object */ = {
			isa = PBXProject;
			attributes = {
				LastSwiftUpdateCheck = 1100;
				LastUpgradeCheck = 1100;
				ORGANIZATIONNAME = "Peter Pak";
				TargetAttributes = {
					6E0BDA4723308DA2007DB03E = {
						CreatedOnToolsVersion = 11.0;
					};
					6E0BDA5D23308DA4007DB03E = {
						CreatedOnToolsVersion = 11.0;
						TestTargetID = 6E0BDA4723308DA2007DB03E;
					};
					6E0BDA6823308DA4007DB03E = {
						CreatedOnToolsVersion = 11.0;
						TestTargetID = 6E0BDA4723308DA2007DB03E;
					};
					6E0BDA7123308DA4007DB03E = {
						CreatedOnToolsVersion = 11.0;
					};
					6E0BDA8023308DA5007DB03E = {
						CreatedOnToolsVersion = 11.0;
					};
				};
			};
			buildConfigurationList = 6E0BDA4323308DA2007DB03E /* Build configuration list for PBXProject "test-watch" */;
			compatibilityVersion = "Xcode 9.3";
			developmentRegion = en;
			hasScannedForEncodings = 0;
			knownRegions = (
				en,
				Base,
			);
			mainGroup = 6E0BDA3F23308DA2007DB03E;
			productRefGroup = 6E0BDA4923308DA2007DB03E /* Products */;
			projectDirPath = "";
			projectRoot = "";
			targets = (
				6E0BDA4723308DA2007DB03E /* test-watch */,
				6E0BDA5D23308DA4007DB03E /* test-watchTests */,
				6E0BDA6823308DA4007DB03E /* test-watchUITests */,
				6E0BDA7123308DA4007DB03E /* test-watch WatchKit App */,
				6E0BDA8023308DA5007DB03E /* test-watch WatchKit Extension */,
			);
		};
/* End PBXProject section */

/* Begin PBXResourcesBuildPhase section */
		6E0BDA4623308DA2007DB03E /* Resources */ = {
			isa = PBXResourcesBuildPhase;
			buildActionMask = 2147483647;
			files = (
				6E0BDA5823308DA4007DB03E /* LaunchScreen.storyboard in Resources */,
				6E0BDA5523308DA4007DB03E /* Preview Assets.xcassets in Resources */,
				6E0BDA5223308DA4007DB03E /* Assets.xcassets in Resources */,
			);
			runOnlyForDeploymentPostprocessing = 0;
		};
		6E0BDA5C23308DA4007DB03E /* Resources */ = {
			isa = PBXResourcesBuildPhase;
			buildActionMask = 2147483647;
			files = (
			);
			runOnlyForDeploymentPostprocessing = 0;
		};
		6E0BDA6723308DA4007DB03E /* Resources */ = {
			isa = PBXResourcesBuildPhase;
			buildActionMask = 2147483647;
			files = (
			);
			runOnlyForDeploymentPostprocessing = 0;
		};
		6E0BDA7023308DA4007DB03E /* Resources */ = {
			isa = PBXResourcesBuildPhase;
			buildActionMask = 2147483647;
			files = (
				6E0BDA7B23308DA5007DB03E /* Assets.xcassets in Resources */,
				6E0BDA7923308DA4007DB03E /* Interface.storyboard in Resources */,
			);
			runOnlyForDeploymentPostprocessing = 0;
		};
		6E0BDA7F23308DA5007DB03E /* Resources */ = {
			isa = PBXResourcesBuildPhase;
			buildActionMask = 2147483647;
			files = (
				6E0BDA9423308DA5007DB03E /* Preview Assets.xcassets in Resources */,
				6E0BDA9123308DA5007DB03E /* Assets.xcassets in Resources */,
			);
			runOnlyForDeploymentPostprocessing = 0;
		};
/* End PBXResourcesBuildPhase section */

/* Begin PBXSourcesBuildPhase section */
		6E0BDA4423308DA2007DB03E /* Sources */ = {
			isa = PBXSourcesBuildPhase;
			buildActionMask = 2147483647;
			files = (
				6E0BDA4C23308DA2007DB03E /* AppDelegate.swift in Sources */,
				6E0BDA4E23308DA2007DB03E /* SceneDelegate.swift in Sources */,
				6E0BDA5023308DA2007DB03E /* ContentView.swift in Sources */,
			);
			runOnlyForDeploymentPostprocessing = 0;
		};
		6E0BDA5A23308DA4007DB03E /* Sources */ = {
			isa = PBXSourcesBuildPhase;
			buildActionMask = 2147483647;
			files = (
				6E0BDA6323308DA4007DB03E /* test_watchTests.swift in Sources */,
			);
			runOnlyForDeploymentPostprocessing = 0;
		};
		6E0BDA6523308DA4007DB03E /* Sources */ = {
			isa = PBXSourcesBuildPhase;
			buildActionMask = 2147483647;
			files = (
				6E0BDA6E23308DA4007DB03E /* test_watchUITests.swift in Sources */,
			);
			runOnlyForDeploymentPostprocessing = 0;
		};
		6E0BDA7D23308DA5007DB03E /* Sources */ = {
			isa = PBXSourcesBuildPhase;
			buildActionMask = 2147483647;
			files = (
				6E0BDA8923308DA5007DB03E /* HostingController.swift in Sources */,
				6E0BDA8D23308DA5007DB03E /* NotificationController.swift in Sources */,
				6E0F5688233098B000A71EFE /* DetailInterfaceController.swift in Sources */,
				6E0F5686233095CF00A71EFE /* ContentView.swift in Sources */,
				6E0BDAAB23308F9B007DB03E /* InterfaceController.swift in Sources */,
				6E0BDA8B23308DA5007DB03E /* ExtensionDelegate.swift in Sources */,
				6E0BDAAD233090B8007DB03E /* RowController.swift in Sources */,
				6E0BDA8F23308DA5007DB03E /* NotificationView.swift in Sources */,
			);
			runOnlyForDeploymentPostprocessing = 0;
		};
/* End PBXSourcesBuildPhase section */

/* Begin PBXTargetDependency section */
		6E0BDA6023308DA4007DB03E /* PBXTargetDependency */ = {
			isa = PBXTargetDependency;
			target = 6E0BDA4723308DA2007DB03E /* test-watch */;
			targetProxy = 6E0BDA5F23308DA4007DB03E /* PBXContainerItemProxy */;
		};
		6E0BDA6B23308DA4007DB03E /* PBXTargetDependency */ = {
			isa = PBXTargetDependency;
			target = 6E0BDA4723308DA2007DB03E /* test-watch */;
			targetProxy = 6E0BDA6A23308DA4007DB03E /* PBXContainerItemProxy */;
		};
		6E0BDA7523308DA4007DB03E /* PBXTargetDependency */ = {
			isa = PBXTargetDependency;
			target = 6E0BDA7123308DA4007DB03E /* test-watch WatchKit App */;
			targetProxy = 6E0BDA7423308DA4007DB03E /* PBXContainerItemProxy */;
		};
		6E0BDA8423308DA5007DB03E /* PBXTargetDependency */ = {
			isa = PBXTargetDependency;
			target = 6E0BDA8023308DA5007DB03E /* test-watch WatchKit Extension */;
			targetProxy = 6E0BDA8323308DA5007DB03E /* PBXContainerItemProxy */;
		};
/* End PBXTargetDependency section */

/* Begin PBXVariantGroup section */
		6E0BDA5623308DA4007DB03E /* LaunchScreen.storyboard */ = {
			isa = PBXVariantGroup;
			children = (
				6E0BDA5723308DA4007DB03E /* Base */,
			);
			name = LaunchScreen.storyboard;
			sourceTree = "<group>";
		};
		6E0BDA7723308DA4007DB03E /* Interface.storyboard */ = {
			isa = PBXVariantGroup;
			children = (
				6E0BDA7823308DA4007DB03E /* Base */,
			);
			name = Interface.storyboard;
			sourceTree = "<group>";
		};
/* End PBXVariantGroup section */

/* Begin XCBuildConfiguration section */
		6E0BDA9723308DA5007DB03E /* Debug */ = {
			isa = XCBuildConfiguration;
			buildSettings = {
				ALWAYS_SEARCH_USER_PATHS = NO;
				CLANG_ANALYZER_NONNULL = YES;
				CLANG_ANALYZER_NUMBER_OBJECT_CONVERSION = YES_AGGRESSIVE;
				CLANG_CXX_LANGUAGE_STANDARD = "gnu++14";
				CLANG_CXX_LIBRARY = "libc++";
				CLANG_ENABLE_MODULES = YES;
				CLANG_ENABLE_OBJC_ARC = YES;
				CLANG_ENABLE_OBJC_WEAK = YES;
				CLANG_WARN_BLOCK_CAPTURE_AUTORELEASING = YES;
				CLANG_WARN_BOOL_CONVERSION = YES;
				CLANG_WARN_COMMA = YES;
				CLANG_WARN_CONSTANT_CONVERSION = YES;
				CLANG_WARN_DEPRECATED_OBJC_IMPLEMENTATIONS = YES;
				CLANG_WARN_DIRECT_OBJC_ISA_USAGE = YES_ERROR;
				CLANG_WARN_DOCUMENTATION_COMMENTS = YES;
				CLANG_WARN_EMPTY_BODY = YES;
				CLANG_WARN_ENUM_CONVERSION = YES;
				CLANG_WARN_INFINITE_RECURSION = YES;
				CLANG_WARN_INT_CONVERSION = YES;
				CLANG_WARN_NON_LITERAL_NULL_CONVERSION = YES;
				CLANG_WARN_OBJC_IMPLICIT_RETAIN_SELF = YES;
				CLANG_WARN_OBJC_LITERAL_CONVERSION = YES;
				CLANG_WARN_OBJC_ROOT_CLASS = YES_ERROR;
				CLANG_WARN_RANGE_LOOP_ANALYSIS = YES;
				CLANG_WARN_STRICT_PROTOTYPES = YES;
				CLANG_WARN_SUSPICIOUS_MOVE = YES;
				CLANG_WARN_UNGUARDED_AVAILABILITY = YES_AGGRESSIVE;
				CLANG_WARN_UNREACHABLE_CODE = YES;
				CLANG_WARN__DUPLICATE_METHOD_MATCH = YES;
				COPY_PHASE_STRIP = NO;
				DEBUG_INFORMATION_FORMAT = dwarf;
				ENABLE_STRICT_OBJC_MSGSEND = YES;
				ENABLE_TESTABILITY = YES;
				GCC_C_LANGUAGE_STANDARD = gnu11;
				GCC_DYNAMIC_NO_PIC = NO;
				GCC_NO_COMMON_BLOCKS = YES;
				GCC_OPTIMIZATION_LEVEL = 0;
				GCC_PREPROCESSOR_DEFINITIONS = (
					"DEBUG=1",
					"$(inherited)",
				);
				GCC_WARN_64_TO_32_BIT_CONVERSION = YES;
				GCC_WARN_ABOUT_RETURN_TYPE = YES_ERROR;
				GCC_WARN_UNDECLARED_SELECTOR = YES;
				GCC_WARN_UNINITIALIZED_AUTOS = YES_AGGRESSIVE;
				GCC_WARN_UNUSED_FUNCTION = YES;
				GCC_WARN_UNUSED_VARIABLE = YES;
				IPHONEOS_DEPLOYMENT_TARGET = 13.0;
				MTL_ENABLE_DEBUG_INFO = INCLUDE_SOURCE;
				MTL_FAST_MATH = YES;
				ONLY_ACTIVE_ARCH = YES;
				SDKROOT = iphoneos;
				SWIFT_ACTIVE_COMPILATION_CONDITIONS = DEBUG;
				SWIFT_OPTIMIZATION_LEVEL = "-Onone";
			};
			name = Debug;
		};
		6E0BDA9823308DA5007DB03E /* Release */ = {
			isa = XCBuildConfiguration;
			buildSettings = {
				ALWAYS_SEARCH_USER_PATHS = NO;
				CLANG_ANALYZER_NONNULL = YES;
				CLANG_ANALYZER_NUMBER_OBJECT_CONVERSION = YES_AGGRESSIVE;
				CLANG_CXX_LANGUAGE_STANDARD = "gnu++14";
				CLANG_CXX_LIBRARY = "libc++";
				CLANG_ENABLE_MODULES = YES;
				CLANG_ENABLE_OBJC_ARC = YES;
				CLANG_ENABLE_OBJC_WEAK = YES;
				CLANG_WARN_BLOCK_CAPTURE_AUTORELEASING = YES;
				CLANG_WARN_BOOL_CONVERSION = YES;
				CLANG_WARN_COMMA = YES;
				CLANG_WARN_CONSTANT_CONVERSION = YES;
				CLANG_WARN_DEPRECATED_OBJC_IMPLEMENTATIONS = YES;
				CLANG_WARN_DIRECT_OBJC_ISA_USAGE = YES_ERROR;
				CLANG_WARN_DOCUMENTATION_COMMENTS = YES;
				CLANG_WARN_EMPTY_BODY = YES;
				CLANG_WARN_ENUM_CONVERSION = YES;
				CLANG_WARN_INFINITE_RECURSION = YES;
				CLANG_WARN_INT_CONVERSION = YES;
				CLANG_WARN_NON_LITERAL_NULL_CONVERSION = YES;
				CLANG_WARN_OBJC_IMPLICIT_RETAIN_SELF = YES;
				CLANG_WARN_OBJC_LITERAL_CONVERSION = YES;
				CLANG_WARN_OBJC_ROOT_CLASS = YES_ERROR;
				CLANG_WARN_RANGE_LOOP_ANALYSIS = YES;
				CLANG_WARN_STRICT_PROTOTYPES = YES;
				CLANG_WARN_SUSPICIOUS_MOVE = YES;
				CLANG_WARN_UNGUARDED_AVAILABILITY = YES_AGGRESSIVE;
				CLANG_WARN_UNREACHABLE_CODE = YES;
				CLANG_WARN__DUPLICATE_METHOD_MATCH = YES;
				COPY_PHASE_STRIP = NO;
				DEBUG_INFORMATION_FORMAT = "dwarf-with-dsym";
				ENABLE_NS_ASSERTIONS = NO;
				ENABLE_STRICT_OBJC_MSGSEND = YES;
				GCC_C_LANGUAGE_STANDARD = gnu11;
				GCC_NO_COMMON_BLOCKS = YES;
				GCC_WARN_64_TO_32_BIT_CONVERSION = YES;
				GCC_WARN_ABOUT_RETURN_TYPE = YES_ERROR;
				GCC_WARN_UNDECLARED_SELECTOR = YES;
				GCC_WARN_UNINITIALIZED_AUTOS = YES_AGGRESSIVE;
				GCC_WARN_UNUSED_FUNCTION = YES;
				GCC_WARN_UNUSED_VARIABLE = YES;
				IPHONEOS_DEPLOYMENT_TARGET = 13.0;
				MTL_ENABLE_DEBUG_INFO = NO;
				MTL_FAST_MATH = YES;
				SDKROOT = iphoneos;
				SWIFT_COMPILATION_MODE = wholemodule;
				SWIFT_OPTIMIZATION_LEVEL = "-O";
				VALIDATE_PRODUCT = YES;
			};
			name = Release;
		};
		6E0BDA9A23308DA5007DB03E /* Debug */ = {
			isa = XCBuildConfiguration;
			buildSettings = {
				ASSETCATALOG_COMPILER_COMPLICATION_NAME = Complication;
				CODE_SIGN_STYLE = Automatic;
				DEVELOPMENT_ASSET_PATHS = "\"test-watch WatchKit Extension/Preview Content\"";
				DEVELOPMENT_TEAM = R4V4F3DL2Q;
				ENABLE_PREVIEWS = YES;
				INFOPLIST_FILE = "test-watch WatchKit Extension/Info.plist";
				LD_RUNPATH_SEARCH_PATHS = (
					"$(inherited)",
					"@executable_path/Frameworks",
					"@executable_path/../../Frameworks",
				);
				PRODUCT_BUNDLE_IDENTIFIER = "ppak10.test-watch.watchkitapp.watchkitextension";
				PRODUCT_NAME = "${TARGET_NAME}";
				SDKROOT = watchos;
				SKIP_INSTALL = YES;
				SWIFT_VERSION = 5.0;
				TARGETED_DEVICE_FAMILY = 4;
				WATCHOS_DEPLOYMENT_TARGET = 6.0;
			};
			name = Debug;
		};
		6E0BDA9B23308DA5007DB03E /* Release */ = {
			isa = XCBuildConfiguration;
			buildSettings = {
				ASSETCATALOG_COMPILER_COMPLICATION_NAME = Complication;
				CODE_SIGN_STYLE = Automatic;
				DEVELOPMENT_ASSET_PATHS = "\"test-watch WatchKit Extension/Preview Content\"";
				DEVELOPMENT_TEAM = R4V4F3DL2Q;
				ENABLE_PREVIEWS = YES;
				INFOPLIST_FILE = "test-watch WatchKit Extension/Info.plist";
				LD_RUNPATH_SEARCH_PATHS = (
					"$(inherited)",
					"@executable_path/Frameworks",
					"@executable_path/../../Frameworks",
				);
				PRODUCT_BUNDLE_IDENTIFIER = "ppak10.test-watch.watchkitapp.watchkitextension";
				PRODUCT_NAME = "${TARGET_NAME}";
				SDKROOT = watchos;
				SKIP_INSTALL = YES;
				SWIFT_VERSION = 5.0;
				TARGETED_DEVICE_FAMILY = 4;
				WATCHOS_DEPLOYMENT_TARGET = 6.0;
			};
			name = Release;
		};
		6E0BDA9E23308DA5007DB03E /* Debug */ = {
			isa = XCBuildConfiguration;
			buildSettings = {
				ALWAYS_EMBED_SWIFT_STANDARD_LIBRARIES = YES;
				ASSETCATALOG_COMPILER_APPICON_NAME = AppIcon;
				CODE_SIGN_STYLE = Automatic;
				DEVELOPMENT_TEAM = R4V4F3DL2Q;
				IBSC_MODULE = test_watch_WatchKit_Extension;
				INFOPLIST_FILE = "test-watch WatchKit App/Info.plist";
				PRODUCT_BUNDLE_IDENTIFIER = "ppak10.test-watch.watchkitapp";
				PRODUCT_NAME = "$(TARGET_NAME)";
				SDKROOT = watchos;
				SKIP_INSTALL = YES;
				SWIFT_VERSION = 5.0;
				TARGETED_DEVICE_FAMILY = 4;
				WATCHOS_DEPLOYMENT_TARGET = 6.0;
			};
			name = Debug;
		};
		6E0BDA9F23308DA5007DB03E /* Release */ = {
			isa = XCBuildConfiguration;
			buildSettings = {
				ALWAYS_EMBED_SWIFT_STANDARD_LIBRARIES = YES;
				ASSETCATALOG_COMPILER_APPICON_NAME = AppIcon;
				CODE_SIGN_STYLE = Automatic;
				DEVELOPMENT_TEAM = R4V4F3DL2Q;
				IBSC_MODULE = test_watch_WatchKit_Extension;
				INFOPLIST_FILE = "test-watch WatchKit App/Info.plist";
				PRODUCT_BUNDLE_IDENTIFIER = "ppak10.test-watch.watchkitapp";
				PRODUCT_NAME = "$(TARGET_NAME)";
				SDKROOT = watchos;
				SKIP_INSTALL = YES;
				SWIFT_VERSION = 5.0;
				TARGETED_DEVICE_FAMILY = 4;
				WATCHOS_DEPLOYMENT_TARGET = 6.0;
			};
			name = Release;
		};
		6E0BDAA223308DA5007DB03E /* Debug */ = {
			isa = XCBuildConfiguration;
			buildSettings = {
				ASSETCATALOG_COMPILER_APPICON_NAME = AppIcon;
				CODE_SIGN_STYLE = Automatic;
				DEVELOPMENT_ASSET_PATHS = "\"test-watch/Preview Content\"";
				DEVELOPMENT_TEAM = R4V4F3DL2Q;
				ENABLE_PREVIEWS = YES;
				INFOPLIST_FILE = "test-watch/Info.plist";
				LD_RUNPATH_SEARCH_PATHS = (
					"$(inherited)",
					"@executable_path/Frameworks",
				);
				PRODUCT_BUNDLE_IDENTIFIER = "ppak10.test-watch";
				PRODUCT_NAME = "$(TARGET_NAME)";
				SWIFT_VERSION = 5.0;
				TARGETED_DEVICE_FAMILY = "1,2";
			};
			name = Debug;
		};
		6E0BDAA323308DA5007DB03E /* Release */ = {
			isa = XCBuildConfiguration;
			buildSettings = {
				ASSETCATALOG_COMPILER_APPICON_NAME = AppIcon;
				CODE_SIGN_STYLE = Automatic;
				DEVELOPMENT_ASSET_PATHS = "\"test-watch/Preview Content\"";
				DEVELOPMENT_TEAM = R4V4F3DL2Q;
				ENABLE_PREVIEWS = YES;
				INFOPLIST_FILE = "test-watch/Info.plist";
				LD_RUNPATH_SEARCH_PATHS = (
					"$(inherited)",
					"@executable_path/Frameworks",
				);
				PRODUCT_BUNDLE_IDENTIFIER = "ppak10.test-watch";
				PRODUCT_NAME = "$(TARGET_NAME)";
				SWIFT_VERSION = 5.0;
				TARGETED_DEVICE_FAMILY = "1,2";
			};
			name = Release;
		};
		6E0BDAA523308DA5007DB03E /* Debug */ = {
			isa = XCBuildConfiguration;
			buildSettings = {
				ALWAYS_EMBED_SWIFT_STANDARD_LIBRARIES = YES;
				BUNDLE_LOADER = "$(TEST_HOST)";
				CODE_SIGN_STYLE = Automatic;
				DEVELOPMENT_TEAM = R4V4F3DL2Q;
				INFOPLIST_FILE = "test-watchTests/Info.plist";
				IPHONEOS_DEPLOYMENT_TARGET = 13.0;
				LD_RUNPATH_SEARCH_PATHS = (
					"$(inherited)",
					"@executable_path/Frameworks",
					"@loader_path/Frameworks",
				);
				PRODUCT_BUNDLE_IDENTIFIER = "ppak10.test-watchTests";
				PRODUCT_NAME = "$(TARGET_NAME)";
				SWIFT_VERSION = 5.0;
				TARGETED_DEVICE_FAMILY = "1,2";
				TEST_HOST = "$(BUILT_PRODUCTS_DIR)/test-watch.app/test-watch";
			};
			name = Debug;
		};
		6E0BDAA623308DA5007DB03E /* Release */ = {
			isa = XCBuildConfiguration;
			buildSettings = {
				ALWAYS_EMBED_SWIFT_STANDARD_LIBRARIES = YES;
				BUNDLE_LOADER = "$(TEST_HOST)";
				CODE_SIGN_STYLE = Automatic;
				DEVELOPMENT_TEAM = R4V4F3DL2Q;
				INFOPLIST_FILE = "test-watchTests/Info.plist";
				IPHONEOS_DEPLOYMENT_TARGET = 13.0;
				LD_RUNPATH_SEARCH_PATHS = (
					"$(inherited)",
					"@executable_path/Frameworks",
					"@loader_path/Frameworks",
				);
				PRODUCT_BUNDLE_IDENTIFIER = "ppak10.test-watchTests";
				PRODUCT_NAME = "$(TARGET_NAME)";
				SWIFT_VERSION = 5.0;
				TARGETED_DEVICE_FAMILY = "1,2";
				TEST_HOST = "$(BUILT_PRODUCTS_DIR)/test-watch.app/test-watch";
			};
			name = Release;
		};
		6E0BDAA823308DA5007DB03E /* Debug */ = {
			isa = XCBuildConfiguration;
			buildSettings = {
				ALWAYS_EMBED_SWIFT_STANDARD_LIBRARIES = YES;
				CODE_SIGN_STYLE = Automatic;
				DEVELOPMENT_TEAM = R4V4F3DL2Q;
				INFOPLIST_FILE = "test-watchUITests/Info.plist";
				LD_RUNPATH_SEARCH_PATHS = (
					"$(inherited)",
					"@executable_path/Frameworks",
					"@loader_path/Frameworks",
				);
				PRODUCT_BUNDLE_IDENTIFIER = "ppak10.test-watchUITests";
				PRODUCT_NAME = "$(TARGET_NAME)";
				SWIFT_VERSION = 5.0;
				TARGETED_DEVICE_FAMILY = "1,2";
				TEST_TARGET_NAME = "test-watch";
			};
			name = Debug;
		};
		6E0BDAA923308DA5007DB03E /* Release */ = {
			isa = XCBuildConfiguration;
			buildSettings = {
				ALWAYS_EMBED_SWIFT_STANDARD_LIBRARIES = YES;
				CODE_SIGN_STYLE = Automatic;
				DEVELOPMENT_TEAM = R4V4F3DL2Q;
				INFOPLIST_FILE = "test-watchUITests/Info.plist";
				LD_RUNPATH_SEARCH_PATHS = (
					"$(inherited)",
					"@executable_path/Frameworks",
					"@loader_path/Frameworks",
				);
				PRODUCT_BUNDLE_IDENTIFIER = "ppak10.test-watchUITests";
				PRODUCT_NAME = "$(TARGET_NAME)";
				SWIFT_VERSION = 5.0;
				TARGETED_DEVICE_FAMILY = "1,2";
				TEST_TARGET_NAME = "test-watch";
			};
			name = Release;
		};
/* End XCBuildConfiguration section */

/* Begin XCConfigurationList section */
		6E0BDA4323308DA2007DB03E /* Build configuration list for PBXProject "test-watch" */ = {
			isa = XCConfigurationList;
			buildConfigurations = (
				6E0BDA9723308DA5007DB03E /* Debug */,
				6E0BDA9823308DA5007DB03E /* Release */,
			);
			defaultConfigurationIsVisible = 0;
			defaultConfigurationName = Release;
		};
		6E0BDA9923308DA5007DB03E /* Build configuration list for PBXNativeTarget "test-watch WatchKit Extension" */ = {
			isa = XCConfigurationList;
			buildConfigurations = (
				6E0BDA9A23308DA5007DB03E /* Debug */,
				6E0BDA9B23308DA5007DB03E /* Release */,
			);
			defaultConfigurationIsVisible = 0;
			defaultConfigurationName = Release;
		};
		6E0BDA9D23308DA5007DB03E /* Build configuration list for PBXNativeTarget "test-watch WatchKit App" */ = {
			isa = XCConfigurationList;
			buildConfigurations = (
				6E0BDA9E23308DA5007DB03E /* Debug */,
				6E0BDA9F23308DA5007DB03E /* Release */,
			);
			defaultConfigurationIsVisible = 0;
			defaultConfigurationName = Release;
		};
		6E0BDAA123308DA5007DB03E /* Build configuration list for PBXNativeTarget "test-watch" */ = {
			isa = XCConfigurationList;
			buildConfigurations = (
				6E0BDAA223308DA5007DB03E /* Debug */,
				6E0BDAA323308DA5007DB03E /* Release */,
			);
			defaultConfigurationIsVisible = 0;
			defaultConfigurationName = Release;
		};
		6E0BDAA423308DA5007DB03E /* Build configuration list for PBXNativeTarget "test-watchTests" */ = {
			isa = XCConfigurationList;
			buildConfigurations = (
				6E0BDAA523308DA5007DB03E /* Debug */,
				6E0BDAA623308DA5007DB03E /* Release */,
			);
			defaultConfigurationIsVisible = 0;
			defaultConfigurationName = Release;
		};
		6E0BDAA723308DA5007DB03E /* Build configuration list for PBXNativeTarget "test-watchUITests" */ = {
			isa = XCConfigurationList;
			buildConfigurations = (
				6E0BDAA823308DA5007DB03E /* Debug */,
				6E0BDAA923308DA5007DB03E /* Release */,
			);
			defaultConfigurationIsVisible = 0;
			defaultConfigurationName = Release;
		};
/* End XCConfigurationList section */
	};
	rootObject = 6E0BDA4023308DA2007DB03E /* Project object */;
}
