// !$*UTF8*$!
{
	archiveVersion = 1;
	classes = {
	};
	objectVersion = 50;
	objects = {

/* Begin PBXBuildFile section */
		6E29B1442330A5130008AF0D /* test-watch WatchKit App.app in Embed Watch Content */ = {isa = PBXBuildFile; fileRef = 6E29B1432330A5130008AF0D /* test-watch WatchKit App.app */; settings = {ATTRIBUTES = (RemoveHeadersOnCopy, ); }; };
		6E29B14A2330A5130008AF0D /* Interface.storyboard in Resources */ = {isa = PBXBuildFile; fileRef = 6E29B1482330A5130008AF0D /* Interface.storyboard */; };
		6E29B14C2330A5140008AF0D /* Assets.xcassets in Resources */ = {isa = PBXBuildFile; fileRef = 6E29B14B2330A5140008AF0D /* Assets.xcassets */; };
		6E29B1532330A5140008AF0D /* test-watch WatchKit Extension.appex in Embed App Extensions */ = {isa = PBXBuildFile; fileRef = 6E29B1522330A5140008AF0D /* test-watch WatchKit Extension.appex */; settings = {ATTRIBUTES = (RemoveHeadersOnCopy, ); }; };
		6E29B1582330A5140008AF0D /* ContentView.swift in Sources */ = {isa = PBXBuildFile; fileRef = 6E29B1572330A5140008AF0D /* ContentView.swift */; };
		6E29B15A2330A5140008AF0D /* HostingController.swift in Sources */ = {isa = PBXBuildFile; fileRef = 6E29B1592330A5140008AF0D /* HostingController.swift */; };
		6E29B15C2330A5140008AF0D /* ExtensionDelegate.swift in Sources */ = {isa = PBXBuildFile; fileRef = 6E29B15B2330A5140008AF0D /* ExtensionDelegate.swift */; };
		6E29B15E2330A5140008AF0D /* NotificationController.swift in Sources */ = {isa = PBXBuildFile; fileRef = 6E29B15D2330A5140008AF0D /* NotificationController.swift */; };
		6E29B1602330A5140008AF0D /* NotificationView.swift in Sources */ = {isa = PBXBuildFile; fileRef = 6E29B15F2330A5140008AF0D /* NotificationView.swift */; };
		6E29B1622330A5140008AF0D /* Assets.xcassets in Resources */ = {isa = PBXBuildFile; fileRef = 6E29B1612330A5140008AF0D /* Assets.xcassets */; };
		6E29B1652330A5140008AF0D /* Preview Assets.xcassets in Resources */ = {isa = PBXBuildFile; fileRef = 6E29B1642330A5140008AF0D /* Preview Assets.xcassets */; };
		6E29B1762330A6350008AF0D /* InterfaceController.swift in Sources */ = {isa = PBXBuildFile; fileRef = 6E29B1752330A6350008AF0D /* InterfaceController.swift */; };
		6E29B1782330AA130008AF0D /* RowController.swift in Sources */ = {isa = PBXBuildFile; fileRef = 6E29B1772330AA130008AF0D /* RowController.swift */; };
		6E29B17A2330AE050008AF0D /* DetailInterfaceController.swift in Sources */ = {isa = PBXBuildFile; fileRef = 6E29B1792330AE050008AF0D /* DetailInterfaceController.swift */; };
/* End PBXBuildFile section */

/* Begin PBXContainerItemProxy section */
		6E29B1452330A5130008AF0D /* PBXContainerItemProxy */ = {
			isa = PBXContainerItemProxy;
			containerPortal = 6E29B1392330A5130008AF0D /* Project object */;
			proxyType = 1;
			remoteGlobalIDString = 6E29B1422330A5130008AF0D;
			remoteInfo = "test-watch WatchKit App";
		};
		6E29B1542330A5140008AF0D /* PBXContainerItemProxy */ = {
			isa = PBXContainerItemProxy;
			containerPortal = 6E29B1392330A5130008AF0D /* Project object */;
			proxyType = 1;
			remoteGlobalIDString = 6E29B1512330A5140008AF0D;
			remoteInfo = "test-watch WatchKit Extension";
		};
/* End PBXContainerItemProxy section */

/* Begin PBXCopyFilesBuildPhase section */
		6E29B16D2330A5140008AF0D /* Embed App Extensions */ = {
			isa = PBXCopyFilesBuildPhase;
			buildActionMask = 2147483647;
			dstPath = "";
			dstSubfolderSpec = 13;
			files = (
				6E29B1532330A5140008AF0D /* test-watch WatchKit Extension.appex in Embed App Extensions */,
			);
			name = "Embed App Extensions";
			runOnlyForDeploymentPostprocessing = 0;
		};
		6E29B1712330A5140008AF0D /* Embed Watch Content */ = {
			isa = PBXCopyFilesBuildPhase;
			buildActionMask = 2147483647;
			dstPath = "$(CONTENTS_FOLDER_PATH)/Watch";
			dstSubfolderSpec = 16;
			files = (
				6E29B1442330A5130008AF0D /* test-watch WatchKit App.app in Embed Watch Content */,
			);
			name = "Embed Watch Content";
			runOnlyForDeploymentPostprocessing = 0;
		};
/* End PBXCopyFilesBuildPhase section */

/* Begin PBXFileReference section */
		6E29B13F2330A5130008AF0D /* test-watch.app */ = {isa = PBXFileReference; explicitFileType = wrapper.application; includeInIndex = 0; path = "test-watch.app"; sourceTree = BUILT_PRODUCTS_DIR; };
		6E29B1432330A5130008AF0D /* test-watch WatchKit App.app */ = {isa = PBXFileReference; explicitFileType = wrapper.application; includeInIndex = 0; path = "test-watch WatchKit App.app"; sourceTree = BUILT_PRODUCTS_DIR; };
		6E29B1492330A5130008AF0D /* Base */ = {isa = PBXFileReference; lastKnownFileType = file.storyboard; name = Base; path = Base.lproj/Interface.storyboard; sourceTree = "<group>"; };
		6E29B14B2330A5140008AF0D /* Assets.xcassets */ = {isa = PBXFileReference; lastKnownFileType = folder.assetcatalog; path = Assets.xcassets; sourceTree = "<group>"; };
		6E29B14D2330A5140008AF0D /* Info.plist */ = {isa = PBXFileReference; lastKnownFileType = text.plist.xml; path = Info.plist; sourceTree = "<group>"; };
		6E29B1522330A5140008AF0D /* test-watch WatchKit Extension.appex */ = {isa = PBXFileReference; explicitFileType = "wrapper.app-extension"; includeInIndex = 0; path = "test-watch WatchKit Extension.appex"; sourceTree = BUILT_PRODUCTS_DIR; };
		6E29B1572330A5140008AF0D /* ContentView.swift */ = {isa = PBXFileReference; lastKnownFileType = sourcecode.swift; path = ContentView.swift; sourceTree = "<group>"; };
		6E29B1592330A5140008AF0D /* HostingController.swift */ = {isa = PBXFileReference; lastKnownFileType = sourcecode.swift; path = HostingController.swift; sourceTree = "<group>"; };
		6E29B15B2330A5140008AF0D /* ExtensionDelegate.swift */ = {isa = PBXFileReference; lastKnownFileType = sourcecode.swift; path = ExtensionDelegate.swift; sourceTree = "<group>"; };
		6E29B15D2330A5140008AF0D /* NotificationController.swift */ = {isa = PBXFileReference; lastKnownFileType = sourcecode.swift; path = NotificationController.swift; sourceTree = "<group>"; };
		6E29B15F2330A5140008AF0D /* NotificationView.swift */ = {isa = PBXFileReference; lastKnownFileType = sourcecode.swift; path = NotificationView.swift; sourceTree = "<group>"; };
		6E29B1612330A5140008AF0D /* Assets.xcassets */ = {isa = PBXFileReference; lastKnownFileType = folder.assetcatalog; path = Assets.xcassets; sourceTree = "<group>"; };
		6E29B1642330A5140008AF0D /* Preview Assets.xcassets */ = {isa = PBXFileReference; lastKnownFileType = folder.assetcatalog; path = "Preview Assets.xcassets"; sourceTree = "<group>"; };
		6E29B1662330A5140008AF0D /* Info.plist */ = {isa = PBXFileReference; lastKnownFileType = text.plist.xml; path = Info.plist; sourceTree = "<group>"; };
		6E29B1672330A5140008AF0D /* PushNotificationPayload.apns */ = {isa = PBXFileReference; lastKnownFileType = text; path = PushNotificationPayload.apns; sourceTree = "<group>"; };
		6E29B1752330A6350008AF0D /* InterfaceController.swift */ = {isa = PBXFileReference; lastKnownFileType = sourcecode.swift; path = InterfaceController.swift; sourceTree = "<group>"; };
		6E29B1772330AA130008AF0D /* RowController.swift */ = {isa = PBXFileReference; lastKnownFileType = sourcecode.swift; path = RowController.swift; sourceTree = "<group>"; };
		6E29B1792330AE050008AF0D /* DetailInterfaceController.swift */ = {isa = PBXFileReference; lastKnownFileType = sourcecode.swift; path = DetailInterfaceController.swift; sourceTree = "<group>"; };
/* End PBXFileReference section */

/* Begin PBXFrameworksBuildPhase section */
		6E29B14F2330A5140008AF0D /* Frameworks */ = {
			isa = PBXFrameworksBuildPhase;
			buildActionMask = 2147483647;
			files = (
			);
			runOnlyForDeploymentPostprocessing = 0;
		};
/* End PBXFrameworksBuildPhase section */

/* Begin PBXGroup section */
		6E29B1382330A5130008AF0D = {
			isa = PBXGroup;
			children = (
				6E29B1472330A5130008AF0D /* test-watch WatchKit App */,
				6E29B1562330A5140008AF0D /* test-watch WatchKit Extension */,
				6E29B1402330A5130008AF0D /* Products */,
			);
			sourceTree = "<group>";
		};
		6E29B1402330A5130008AF0D /* Products */ = {
			isa = PBXGroup;
			children = (
				6E29B13F2330A5130008AF0D /* test-watch.app */,
				6E29B1432330A5130008AF0D /* test-watch WatchKit App.app */,
				6E29B1522330A5140008AF0D /* test-watch WatchKit Extension.appex */,
			);
			name = Products;
			sourceTree = "<group>";
		};
		6E29B1472330A5130008AF0D /* test-watch WatchKit App */ = {
			isa = PBXGroup;
			children = (
				6E29B1482330A5130008AF0D /* Interface.storyboard */,
				6E29B14B2330A5140008AF0D /* Assets.xcassets */,
				6E29B14D2330A5140008AF0D /* Info.plist */,
			);
			path = "test-watch WatchKit App";
			sourceTree = "<group>";
		};
		6E29B1562330A5140008AF0D /* test-watch WatchKit Extension */ = {
			isa = PBXGroup;
			children = (
				6E29B1572330A5140008AF0D /* ContentView.swift */,
				6E29B1592330A5140008AF0D /* HostingController.swift */,
				6E29B15B2330A5140008AF0D /* ExtensionDelegate.swift */,
				6E29B15D2330A5140008AF0D /* NotificationController.swift */,
				6E29B15F2330A5140008AF0D /* NotificationView.swift */,
				6E29B1612330A5140008AF0D /* Assets.xcassets */,
				6E29B1662330A5140008AF0D /* Info.plist */,
				6E29B1672330A5140008AF0D /* PushNotificationPayload.apns */,
				6E29B1632330A5140008AF0D /* Preview Content */,
				6E29B1752330A6350008AF0D /* InterfaceController.swift */,
				6E29B1772330AA130008AF0D /* RowController.swift */,
				6E29B1792330AE050008AF0D /* DetailInterfaceController.swift */,
			);
			path = "test-watch WatchKit Extension";
			sourceTree = "<group>";
		};
		6E29B1632330A5140008AF0D /* Preview Content */ = {
			isa = PBXGroup;
			children = (
				6E29B1642330A5140008AF0D /* Preview Assets.xcassets */,
			);
			path = "Preview Content";
			sourceTree = "<group>";
		};
/* End PBXGroup section */

/* Begin PBXNativeTarget section */
		6E29B13E2330A5130008AF0D /* test-watch */ = {
			isa = PBXNativeTarget;
			buildConfigurationList = 6E29B1722330A5140008AF0D /* Build configuration list for PBXNativeTarget "test-watch" */;
			buildPhases = (
				6E29B13D2330A5130008AF0D /* Resources */,
				6E29B1712330A5140008AF0D /* Embed Watch Content */,
			);
			buildRules = (
			);
			dependencies = (
				6E29B1462330A5130008AF0D /* PBXTargetDependency */,
			);
			name = "test-watch";
			productName = "test-watch";
			productReference = 6E29B13F2330A5130008AF0D /* test-watch.app */;
			productType = "com.apple.product-type.application.watchapp2-container";
		};
		6E29B1422330A5130008AF0D /* test-watch WatchKit App */ = {
			isa = PBXNativeTarget;
			buildConfigurationList = 6E29B16E2330A5140008AF0D /* Build configuration list for PBXNativeTarget "test-watch WatchKit App" */;
			buildPhases = (
				6E29B1412330A5130008AF0D /* Resources */,
				6E29B16D2330A5140008AF0D /* Embed App Extensions */,
			);
			buildRules = (
			);
			dependencies = (
				6E29B1552330A5140008AF0D /* PBXTargetDependency */,
			);
			name = "test-watch WatchKit App";
			productName = "test-watch WatchKit App";
			productReference = 6E29B1432330A5130008AF0D /* test-watch WatchKit App.app */;
			productType = "com.apple.product-type.application.watchapp2";
		};
		6E29B1512330A5140008AF0D /* test-watch WatchKit Extension */ = {
			isa = PBXNativeTarget;
			buildConfigurationList = 6E29B16A2330A5140008AF0D /* Build configuration list for PBXNativeTarget "test-watch WatchKit Extension" */;
			buildPhases = (
				6E29B14E2330A5140008AF0D /* Sources */,
				6E29B14F2330A5140008AF0D /* Frameworks */,
				6E29B1502330A5140008AF0D /* Resources */,
			);
			buildRules = (
			);
			dependencies = (
			);
			name = "test-watch WatchKit Extension";
			productName = "test-watch WatchKit Extension";
			productReference = 6E29B1522330A5140008AF0D /* test-watch WatchKit Extension.appex */;
			productType = "com.apple.product-type.watchkit2-extension";
		};
/* End PBXNativeTarget section */

/* Begin PBXProject section */
		6E29B1392330A5130008AF0D /* Project object */ = {
			isa = PBXProject;
			attributes = {
				LastSwiftUpdateCheck = 1100;
				LastUpgradeCheck = 1100;
				ORGANIZATIONNAME = "Peter Pak";
				TargetAttributes = {
					6E29B13E2330A5130008AF0D = {
						CreatedOnToolsVersion = 11.0;
					};
					6E29B1422330A5130008AF0D = {
						CreatedOnToolsVersion = 11.0;
					};
					6E29B1512330A5140008AF0D = {
						CreatedOnToolsVersion = 11.0;
					};
				};
			};
			buildConfigurationList = 6E29B13C2330A5130008AF0D /* Build configuration list for PBXProject "test-watch" */;
			compatibilityVersion = "Xcode 9.3";
			developmentRegion = en;
			hasScannedForEncodings = 0;
			knownRegions = (
				en,
				Base,
			);
			mainGroup = 6E29B1382330A5130008AF0D;
			productRefGroup = 6E29B1402330A5130008AF0D /* Products */;
			projectDirPath = "";
			projectRoot = "";
			targets = (
				6E29B13E2330A5130008AF0D /* test-watch */,
				6E29B1422330A5130008AF0D /* test-watch WatchKit App */,
				6E29B1512330A5140008AF0D /* test-watch WatchKit Extension */,
			);
		};
/* End PBXProject section */

/* Begin PBXResourcesBuildPhase section */
		6E29B13D2330A5130008AF0D /* Resources */ = {
			isa = PBXResourcesBuildPhase;
			buildActionMask = 2147483647;
			files = (
			);
			runOnlyForDeploymentPostprocessing = 0;
		};
		6E29B1412330A5130008AF0D /* Resources */ = {
			isa = PBXResourcesBuildPhase;
			buildActionMask = 2147483647;
			files = (
				6E29B14C2330A5140008AF0D /* Assets.xcassets in Resources */,
				6E29B14A2330A5130008AF0D /* Interface.storyboard in Resources */,
			);
			runOnlyForDeploymentPostprocessing = 0;
		};
		6E29B1502330A5140008AF0D /* Resources */ = {
			isa = PBXResourcesBuildPhase;
			buildActionMask = 2147483647;
			files = (
				6E29B1652330A5140008AF0D /* Preview Assets.xcassets in Resources */,
				6E29B1622330A5140008AF0D /* Assets.xcassets in Resources */,
			);
			runOnlyForDeploymentPostprocessing = 0;
		};
/* End PBXResourcesBuildPhase section */

/* Begin PBXSourcesBuildPhase section */
		6E29B14E2330A5140008AF0D /* Sources */ = {
			isa = PBXSourcesBuildPhase;
			buildActionMask = 2147483647;
			files = (
				6E29B15A2330A5140008AF0D /* HostingController.swift in Sources */,
				6E29B1582330A5140008AF0D /* ContentView.swift in Sources */,
				6E29B17A2330AE050008AF0D /* DetailInterfaceController.swift in Sources */,
				6E29B15E2330A5140008AF0D /* NotificationController.swift in Sources */,
				6E29B1762330A6350008AF0D /* InterfaceController.swift in Sources */,
				6E29B15C2330A5140008AF0D /* ExtensionDelegate.swift in Sources */,
				6E29B1782330AA130008AF0D /* RowController.swift in Sources */,
				6E29B1602330A5140008AF0D /* NotificationView.swift in Sources */,
			);
			runOnlyForDeploymentPostprocessing = 0;
		};
/* End PBXSourcesBuildPhase section */

/* Begin PBXTargetDependency section */
		6E29B1462330A5130008AF0D /* PBXTargetDependency */ = {
			isa = PBXTargetDependency;
			target = 6E29B1422330A5130008AF0D /* test-watch WatchKit App */;
			targetProxy = 6E29B1452330A5130008AF0D /* PBXContainerItemProxy */;
		};
		6E29B1552330A5140008AF0D /* PBXTargetDependency */ = {
			isa = PBXTargetDependency;
			target = 6E29B1512330A5140008AF0D /* test-watch WatchKit Extension */;
			targetProxy = 6E29B1542330A5140008AF0D /* PBXContainerItemProxy */;
		};
/* End PBXTargetDependency section */

/* Begin PBXVariantGroup section */
		6E29B1482330A5130008AF0D /* Interface.storyboard */ = {
			isa = PBXVariantGroup;
			children = (
				6E29B1492330A5130008AF0D /* Base */,
			);
			name = Interface.storyboard;
			sourceTree = "<group>";
		};
/* End PBXVariantGroup section */

/* Begin XCBuildConfiguration section */
		6E29B1682330A5140008AF0D /* Debug */ = {
			isa = XCBuildConfiguration;
			buildSettings = {
				ALWAYS_SEARCH_USER_PATHS = NO;
				CLANG_ANALYZER_NONNULL = YES;
				CLANG_ANALYZER_NUMBER_OBJECT_CONVERSION = YES_AGGRESSIVE;
				CLANG_CXX_LANGUAGE_STANDARD = "gnu++14";
				CLANG_CXX_LIBRARY = "libc++";
				CLANG_ENABLE_MODULES = YES;
				CLANG_ENABLE_OBJC_ARC = YES;
				CLANG_ENABLE_OBJC_WEAK = YES;
				CLANG_WARN_BLOCK_CAPTURE_AUTORELEASING = YES;
				CLANG_WARN_BOOL_CONVERSION = YES;
				CLANG_WARN_COMMA = YES;
				CLANG_WARN_CONSTANT_CONVERSION = YES;
				CLANG_WARN_DEPRECATED_OBJC_IMPLEMENTATIONS = YES;
				CLANG_WARN_DIRECT_OBJC_ISA_USAGE = YES_ERROR;
				CLANG_WARN_DOCUMENTATION_COMMENTS = YES;
				CLANG_WARN_EMPTY_BODY = YES;
				CLANG_WARN_ENUM_CONVERSION = YES;
				CLANG_WARN_INFINITE_RECURSION = YES;
				CLANG_WARN_INT_CONVERSION = YES;
				CLANG_WARN_NON_LITERAL_NULL_CONVERSION = YES;
				CLANG_WARN_OBJC_IMPLICIT_RETAIN_SELF = YES;
				CLANG_WARN_OBJC_LITERAL_CONVERSION = YES;
				CLANG_WARN_OBJC_ROOT_CLASS = YES_ERROR;
				CLANG_WARN_RANGE_LOOP_ANALYSIS = YES;
				CLANG_WARN_STRICT_PROTOTYPES = YES;
				CLANG_WARN_SUSPICIOUS_MOVE = YES;
				CLANG_WARN_UNGUARDED_AVAILABILITY = YES_AGGRESSIVE;
				CLANG_WARN_UNREACHABLE_CODE = YES;
				CLANG_WARN__DUPLICATE_METHOD_MATCH = YES;
				COPY_PHASE_STRIP = NO;
				DEBUG_INFORMATION_FORMAT = dwarf;
				ENABLE_STRICT_OBJC_MSGSEND = YES;
				ENABLE_TESTABILITY = YES;
				GCC_C_LANGUAGE_STANDARD = gnu11;
				GCC_DYNAMIC_NO_PIC = NO;
				GCC_NO_COMMON_BLOCKS = YES;
				GCC_OPTIMIZATION_LEVEL = 0;
				GCC_PREPROCESSOR_DEFINITIONS = (
					"DEBUG=1",
					"$(inherited)",
				);
				GCC_WARN_64_TO_32_BIT_CONVERSION = YES;
				GCC_WARN_ABOUT_RETURN_TYPE = YES_ERROR;
				GCC_WARN_UNDECLARED_SELECTOR = YES;
				GCC_WARN_UNINITIALIZED_AUTOS = YES_AGGRESSIVE;
				GCC_WARN_UNUSED_FUNCTION = YES;
				GCC_WARN_UNUSED_VARIABLE = YES;
				MTL_ENABLE_DEBUG_INFO = INCLUDE_SOURCE;
				MTL_FAST_MATH = YES;
				ONLY_ACTIVE_ARCH = YES;
				SDKROOT = iphoneos;
				SWIFT_ACTIVE_COMPILATION_CONDITIONS = DEBUG;
				SWIFT_OPTIMIZATION_LEVEL = "-Onone";
			};
			name = Debug;
		};
		6E29B1692330A5140008AF0D /* Release */ = {
			isa = XCBuildConfiguration;
			buildSettings = {
				ALWAYS_SEARCH_USER_PATHS = NO;
				CLANG_ANALYZER_NONNULL = YES;
				CLANG_ANALYZER_NUMBER_OBJECT_CONVERSION = YES_AGGRESSIVE;
				CLANG_CXX_LANGUAGE_STANDARD = "gnu++14";
				CLANG_CXX_LIBRARY = "libc++";
				CLANG_ENABLE_MODULES = YES;
				CLANG_ENABLE_OBJC_ARC = YES;
				CLANG_ENABLE_OBJC_WEAK = YES;
				CLANG_WARN_BLOCK_CAPTURE_AUTORELEASING = YES;
				CLANG_WARN_BOOL_CONVERSION = YES;
				CLANG_WARN_COMMA = YES;
				CLANG_WARN_CONSTANT_CONVERSION = YES;
				CLANG_WARN_DEPRECATED_OBJC_IMPLEMENTATIONS = YES;
				CLANG_WARN_DIRECT_OBJC_ISA_USAGE = YES_ERROR;
				CLANG_WARN_DOCUMENTATION_COMMENTS = YES;
				CLANG_WARN_EMPTY_BODY = YES;
				CLANG_WARN_ENUM_CONVERSION = YES;
				CLANG_WARN_INFINITE_RECURSION = YES;
				CLANG_WARN_INT_CONVERSION = YES;
				CLANG_WARN_NON_LITERAL_NULL_CONVERSION = YES;
				CLANG_WARN_OBJC_IMPLICIT_RETAIN_SELF = YES;
				CLANG_WARN_OBJC_LITERAL_CONVERSION = YES;
				CLANG_WARN_OBJC_ROOT_CLASS = YES_ERROR;
				CLANG_WARN_RANGE_LOOP_ANALYSIS = YES;
				CLANG_WARN_STRICT_PROTOTYPES = YES;
				CLANG_WARN_SUSPICIOUS_MOVE = YES;
				CLANG_WARN_UNGUARDED_AVAILABILITY = YES_AGGRESSIVE;
				CLANG_WARN_UNREACHABLE_CODE = YES;
				CLANG_WARN__DUPLICATE_METHOD_MATCH = YES;
				COPY_PHASE_STRIP = NO;
				DEBUG_INFORMATION_FORMAT = "dwarf-with-dsym";
				ENABLE_NS_ASSERTIONS = NO;
				ENABLE_STRICT_OBJC_MSGSEND = YES;
				GCC_C_LANGUAGE_STANDARD = gnu11;
				GCC_NO_COMMON_BLOCKS = YES;
				GCC_WARN_64_TO_32_BIT_CONVERSION = YES;
				GCC_WARN_ABOUT_RETURN_TYPE = YES_ERROR;
				GCC_WARN_UNDECLARED_SELECTOR = YES;
				GCC_WARN_UNINITIALIZED_AUTOS = YES_AGGRESSIVE;
				GCC_WARN_UNUSED_FUNCTION = YES;
				GCC_WARN_UNUSED_VARIABLE = YES;
				MTL_ENABLE_DEBUG_INFO = NO;
				MTL_FAST_MATH = YES;
				SDKROOT = iphoneos;
				SWIFT_COMPILATION_MODE = wholemodule;
				SWIFT_OPTIMIZATION_LEVEL = "-O";
				VALIDATE_PRODUCT = YES;
			};
			name = Release;
		};
		6E29B16B2330A5140008AF0D /* Debug */ = {
			isa = XCBuildConfiguration;
			buildSettings = {
				ASSETCATALOG_COMPILER_COMPLICATION_NAME = Complication;
				CODE_SIGN_STYLE = Automatic;
				DEVELOPMENT_ASSET_PATHS = "\"test-watch WatchKit Extension/Preview Content\"";
				DEVELOPMENT_TEAM = R4V4F3DL2Q;
				ENABLE_PREVIEWS = YES;
				INFOPLIST_FILE = "test-watch WatchKit Extension/Info.plist";
				LD_RUNPATH_SEARCH_PATHS = (
					"$(inherited)",
					"@executable_path/Frameworks",
					"@executable_path/../../Frameworks",
				);
				PRODUCT_BUNDLE_IDENTIFIER = "ppak10.test-watch.watchkitapp.watchkitextension";
				PRODUCT_NAME = "${TARGET_NAME}";
				SDKROOT = watchos;
				SKIP_INSTALL = YES;
				SWIFT_VERSION = 5.0;
				TARGETED_DEVICE_FAMILY = 4;
				WATCHOS_DEPLOYMENT_TARGET = 6.0;
			};
			name = Debug;
		};
		6E29B16C2330A5140008AF0D /* Release */ = {
			isa = XCBuildConfiguration;
			buildSettings = {
				ASSETCATALOG_COMPILER_COMPLICATION_NAME = Complication;
				CODE_SIGN_STYLE = Automatic;
				DEVELOPMENT_ASSET_PATHS = "\"test-watch WatchKit Extension/Preview Content\"";
				DEVELOPMENT_TEAM = R4V4F3DL2Q;
				ENABLE_PREVIEWS = YES;
				INFOPLIST_FILE = "test-watch WatchKit Extension/Info.plist";
				LD_RUNPATH_SEARCH_PATHS = (
					"$(inherited)",
					"@executable_path/Frameworks",
					"@executable_path/../../Frameworks",
				);
				PRODUCT_BUNDLE_IDENTIFIER = "ppak10.test-watch.watchkitapp.watchkitextension";
				PRODUCT_NAME = "${TARGET_NAME}";
				SDKROOT = watchos;
				SKIP_INSTALL = YES;
				SWIFT_VERSION = 5.0;
				TARGETED_DEVICE_FAMILY = 4;
				WATCHOS_DEPLOYMENT_TARGET = 6.0;
			};
			name = Release;
		};
		6E29B16F2330A5140008AF0D /* Debug */ = {
			isa = XCBuildConfiguration;
			buildSettings = {
				ALWAYS_EMBED_SWIFT_STANDARD_LIBRARIES = YES;
				ASSETCATALOG_COMPILER_APPICON_NAME = AppIcon;
				CODE_SIGN_STYLE = Automatic;
				DEVELOPMENT_TEAM = R4V4F3DL2Q;
				IBSC_MODULE = test_watch_WatchKit_Extension;
				INFOPLIST_FILE = "test-watch WatchKit App/Info.plist";
				PRODUCT_BUNDLE_IDENTIFIER = "ppak10.test-watch.watchkitapp";
				PRODUCT_NAME = "$(TARGET_NAME)";
				SDKROOT = watchos;
				SKIP_INSTALL = YES;
				SWIFT_VERSION = 5.0;
				TARGETED_DEVICE_FAMILY = 4;
				WATCHOS_DEPLOYMENT_TARGET = 6.0;
			};
			name = Debug;
		};
		6E29B1702330A5140008AF0D /* Release */ = {
			isa = XCBuildConfiguration;
			buildSettings = {
				ALWAYS_EMBED_SWIFT_STANDARD_LIBRARIES = YES;
				ASSETCATALOG_COMPILER_APPICON_NAME = AppIcon;
				CODE_SIGN_STYLE = Automatic;
				DEVELOPMENT_TEAM = R4V4F3DL2Q;
				IBSC_MODULE = test_watch_WatchKit_Extension;
				INFOPLIST_FILE = "test-watch WatchKit App/Info.plist";
				PRODUCT_BUNDLE_IDENTIFIER = "ppak10.test-watch.watchkitapp";
				PRODUCT_NAME = "$(TARGET_NAME)";
				SDKROOT = watchos;
				SKIP_INSTALL = YES;
				SWIFT_VERSION = 5.0;
				TARGETED_DEVICE_FAMILY = 4;
				WATCHOS_DEPLOYMENT_TARGET = 6.0;
			};
			name = Release;
		};
		6E29B1732330A5140008AF0D /* Debug */ = {
			isa = XCBuildConfiguration;
			buildSettings = {
				CODE_SIGN_STYLE = Automatic;
				CURRENT_PROJECT_VERSION = 1;
				DEVELOPMENT_TEAM = R4V4F3DL2Q;
				MARKETING_VERSION = 1.0;
				PRODUCT_BUNDLE_IDENTIFIER = "ppak10.test-watch";
				PRODUCT_NAME = "$(TARGET_NAME)";
				SWIFT_VERSION = 5.0;
			};
			name = Debug;
		};
		6E29B1742330A5140008AF0D /* Release */ = {
			isa = XCBuildConfiguration;
			buildSettings = {
				CODE_SIGN_STYLE = Automatic;
				CURRENT_PROJECT_VERSION = 1;
				DEVELOPMENT_TEAM = R4V4F3DL2Q;
				MARKETING_VERSION = 1.0;
				PRODUCT_BUNDLE_IDENTIFIER = "ppak10.test-watch";
				PRODUCT_NAME = "$(TARGET_NAME)";
				SWIFT_VERSION = 5.0;
			};
			name = Release;
		};
/* End XCBuildConfiguration section */

/* Begin XCConfigurationList section */
		6E29B13C2330A5130008AF0D /* Build configuration list for PBXProject "test-watch" */ = {
			isa = XCConfigurationList;
			buildConfigurations = (
				6E29B1682330A5140008AF0D /* Debug */,
				6E29B1692330A5140008AF0D /* Release */,
			);
			defaultConfigurationIsVisible = 0;
			defaultConfigurationName = Release;
		};
		6E29B16A2330A5140008AF0D /* Build configuration list for PBXNativeTarget "test-watch WatchKit Extension" */ = {
			isa = XCConfigurationList;
			buildConfigurations = (
				6E29B16B2330A5140008AF0D /* Debug */,
				6E29B16C2330A5140008AF0D /* Release */,
			);
			defaultConfigurationIsVisible = 0;
			defaultConfigurationName = Release;
		};
		6E29B16E2330A5140008AF0D /* Build configuration list for PBXNativeTarget "test-watch WatchKit App" */ = {
			isa = XCConfigurationList;
			buildConfigurations = (
				6E29B16F2330A5140008AF0D /* Debug */,
				6E29B1702330A5140008AF0D /* Release */,
			);
			defaultConfigurationIsVisible = 0;
			defaultConfigurationName = Release;
		};
		6E29B1722330A5140008AF0D /* Build configuration list for PBXNativeTarget "test-watch" */ = {
			isa = XCConfigurationList;
			buildConfigurations = (
				6E29B1732330A5140008AF0D /* Debug */,
				6E29B1742330A5140008AF0D /* Release */,
			);
			defaultConfigurationIsVisible = 0;
			defaultConfigurationName = Release;
		};
/* End XCConfigurationList section */
	};
	rootObject = 6E29B1392330A5130008AF0D /* Project object */;
}
